PODS:
  - Hero (1.2.0)
  - iCarousel (1.8.3)

DEPENDENCIES:
  - Hero (~> 1.2.0)
  - iCarousel (~> 1.8.3)

SPEC CHECKSUMS:
  Hero: 33dadf2cd1c98af71e213dcbc2902e6e03622a4e
  iCarousel: d782f635afac190c49bb8ee455882284cff8b85f

PODFILE CHECKSUM: 8f42aecd1638f348250cbf67778a58b54dbbc950

COCOAPODS: 1.4.0
