// !$*UTF8*$!
{
	archiveVersion = 1;
	classes = {
	};
	objectVersion = 50;
	objects = {

/* Begin PBXBuildFile section */
		9F118B1E20BC54D800C0DC20 /* AppDelegate.swift in Sources */ = {isa = PBXBuildFile; fileRef = 9F118B1D20BC54D800C0DC20 /* AppDelegate.swift */; };
		9F118B2520BC54D900C0DC20 /* Assets.xcassets in Resources */ = {isa = PBXBuildFile; fileRef = 9F118B2420BC54D900C0DC20 /* Assets.xcassets */; };
		9F118B2820BC54D900C0DC20 /* LaunchScreen.storyboard in Resources */ = {isa = PBXBuildFile; fileRef = 9F118B2620BC54D900C0DC20 /* LaunchScreen.storyboard */; };
		9F118B3320BC57FB00C0DC20 /* SampleCoordinator.swift in Sources */ = {isa = PBXBuildFile; fileRef = 9F118B3020BC57FB00C0DC20 /* SampleCoordinator.swift */; };
		9F118B3720BC581F00C0DC20 /* SimpleCallback.swift in Sources */ = {isa = PBXBuildFile; fileRef = 9F118B3620BC581F00C0DC20 /* SimpleCallback.swift */; };
		9F118B3A20BC58BD00C0DC20 /* SrcView.xib in Resources */ = {isa = PBXBuildFile; fileRef = 9F118B3820BC58BD00C0DC20 /* SrcView.xib */; };
		9F118B3B20BC58BD00C0DC20 /* SrcView.swift in Sources */ = {isa = PBXBuildFile; fileRef = 9F118B3920BC58BD00C0DC20 /* SrcView.swift */; };
		9F118B4120BC58F200C0DC20 /* UIViewControllerTemplate.swift in Sources */ = {isa = PBXBuildFile; fileRef = 9F118B3D20BC58F100C0DC20 /* UIViewControllerTemplate.swift */; };
		9F118B4220BC58F200C0DC20 /* UIView+NibFile.swift in Sources */ = {isa = PBXBuildFile; fileRef = 9F118B3E20BC58F100C0DC20 /* UIView+NibFile.swift */; };
		9F118B4320BC58F200C0DC20 /* UITableViewCellTemplate.swift in Sources */ = {isa = PBXBuildFile; fileRef = 9F118B3F20BC58F100C0DC20 /* UITableViewCellTemplate.swift */; };
		9F118B4420BC58F200C0DC20 /* UIView+Embed.swift in Sources */ = {isa = PBXBuildFile; fileRef = 9F118B4020BC58F200C0DC20 /* UIView+Embed.swift */; };
		9F118B4620BC5CA300C0DC20 /* Localizable.strings in Resources */ = {isa = PBXBuildFile; fileRef = 9F118B4520BC5CA300C0DC20 /* Localizable.strings */; };
		9FCD90EA20D40DE80090DD71 /* DstView.swift in Sources */ = {isa = PBXBuildFile; fileRef = 9FCD90E820D40DE80090DD71 /* DstView.swift */; };
		9FCD90EB20D40DE80090DD71 /* DstView.xib in Resources */ = {isa = PBXBuildFile; fileRef = 9FCD90E920D40DE80090DD71 /* DstView.xib */; };
/* End PBXBuildFile section */

/* Begin PBXFileReference section */
		9F118B1A20BC54D800C0DC20 /* HeroAnimations.app */ = {isa = PBXFileReference; explicitFileType = wrapper.application; includeInIndex = 0; path = HeroAnimations.app; sourceTree = BUILT_PRODUCTS_DIR; };
		9F118B1D20BC54D800C0DC20 /* AppDelegate.swift */ = {isa = PBXFileReference; lastKnownFileType = sourcecode.swift; path = AppDelegate.swift; sourceTree = "<group>"; };
		9F118B2420BC54D900C0DC20 /* Assets.xcassets */ = {isa = PBXFileReference; lastKnownFileType = folder.assetcatalog; path = Assets.xcassets; sourceTree = "<group>"; };
		9F118B2720BC54D900C0DC20 /* Base */ = {isa = PBXFileReference; lastKnownFileType = file.storyboard; name = Base; path = Base.lproj/LaunchScreen.storyboard; sourceTree = "<group>"; };
		9F118B2920BC54D900C0DC20 /* Info.plist */ = {isa = PBXFileReference; lastKnownFileType = text.plist.xml; path = Info.plist; sourceTree = "<group>"; };
		9F118B3020BC57FB00C0DC20 /* SampleCoordinator.swift */ = {isa = PBXFileReference; fileEncoding = 4; lastKnownFileType = sourcecode.swift; path = SampleCoordinator.swift; sourceTree = "<group>"; };
		9F118B3620BC581F00C0DC20 /* SimpleCallback.swift */ = {isa = PBXFileReference; fileEncoding = 4; lastKnownFileType = sourcecode.swift; path = SimpleCallback.swift; sourceTree = "<group>"; };
		9F118B3820BC58BD00C0DC20 /* SrcView.xib */ = {isa = PBXFileReference; fileEncoding = 4; lastKnownFileType = file.xib; path = SrcView.xib; sourceTree = "<group>"; };
		9F118B3920BC58BD00C0DC20 /* SrcView.swift */ = {isa = PBXFileReference; fileEncoding = 4; lastKnownFileType = sourcecode.swift; path = SrcView.swift; sourceTree = "<group>"; };
		9F118B3D20BC58F100C0DC20 /* UIViewControllerTemplate.swift */ = {isa = PBXFileReference; fileEncoding = 4; lastKnownFileType = sourcecode.swift; path = UIViewControllerTemplate.swift; sourceTree = "<group>"; };
		9F118B3E20BC58F100C0DC20 /* UIView+NibFile.swift */ = {isa = PBXFileReference; fileEncoding = 4; lastKnownFileType = sourcecode.swift; path = "UIView+NibFile.swift"; sourceTree = "<group>"; };
		9F118B3F20BC58F100C0DC20 /* UITableViewCellTemplate.swift */ = {isa = PBXFileReference; fileEncoding = 4; lastKnownFileType = sourcecode.swift; path = UITableViewCellTemplate.swift; sourceTree = "<group>"; };
		9F118B4020BC58F200C0DC20 /* UIView+Embed.swift */ = {isa = PBXFileReference; fileEncoding = 4; lastKnownFileType = sourcecode.swift; path = "UIView+Embed.swift"; sourceTree = "<group>"; };
		9F118B4520BC5CA300C0DC20 /* Localizable.strings */ = {isa = PBXFileReference; fileEncoding = 4; lastKnownFileType = text.plist.strings; path = Localizable.strings; sourceTree = "<group>"; };
		9FCD90E820D40DE80090DD71 /* DstView.swift */ = {isa = PBXFileReference; fileEncoding = 4; lastKnownFileType = sourcecode.swift; path = DstView.swift; sourceTree = "<group>"; };
		9FCD90E920D40DE80090DD71 /* DstView.xib */ = {isa = PBXFileReference; fileEncoding = 4; lastKnownFileType = file.xib; path = DstView.xib; sourceTree = "<group>"; };
/* End PBXFileReference section */

/* Begin PBXFrameworksBuildPhase section */
		9F118B1720BC54D800C0DC20 /* Frameworks */ = {
			isa = PBXFrameworksBuildPhase;
			buildActionMask = 2147483647;
			files = (
			);
			runOnlyForDeploymentPostprocessing = 0;
		};
/* End PBXFrameworksBuildPhase section */

/* Begin PBXGroup section */
		9F118B1120BC54D800C0DC20 = {
			isa = PBXGroup;
			children = (
				9F118B3C20BC58E400C0DC20 /* External */,
				9F118B1C20BC54D800C0DC20 /* App */,
				9F118B1B20BC54D800C0DC20 /* Products */,
			);
			sourceTree = "<group>";
		};
		9F118B1B20BC54D800C0DC20 /* Products */ = {
			isa = PBXGroup;
			children = (
				9F118B1A20BC54D800C0DC20 /* HeroAnimations.app */,
			);
			name = Products;
			sourceTree = "<group>";
		};
		9F118B1C20BC54D800C0DC20 /* App */ = {
			isa = PBXGroup;
			children = (
				9F118B2F20BC57EC00C0DC20 /* Sample */,
				9F118B1D20BC54D800C0DC20 /* AppDelegate.swift */,
				9F118B3620BC581F00C0DC20 /* SimpleCallback.swift */,
				9F118B2420BC54D900C0DC20 /* Assets.xcassets */,
				9F118B2620BC54D900C0DC20 /* LaunchScreen.storyboard */,
				9F118B2920BC54D900C0DC20 /* Info.plist */,
				9F118B4520BC5CA300C0DC20 /* Localizable.strings */,
			);
			path = App;
			sourceTree = "<group>";
		};
		9F118B2F20BC57EC00C0DC20 /* Sample */ = {
			isa = PBXGroup;
			children = (
				9F118B3020BC57FB00C0DC20 /* SampleCoordinator.swift */,
				9F118B3920BC58BD00C0DC20 /* SrcView.swift */,
				9F118B3820BC58BD00C0DC20 /* SrcView.xib */,
				9FCD90E820D40DE80090DD71 /* DstView.swift */,
				9FCD90E920D40DE80090DD71 /* DstView.xib */,
			);
			path = Sample;
			sourceTree = "<group>";
		};
		9F118B3C20BC58E400C0DC20 /* External */ = {
			isa = PBXGroup;
			children = (
				9F118B3F20BC58F100C0DC20 /* UITableViewCellTemplate.swift */,
				9F118B4020BC58F200C0DC20 /* UIView+Embed.swift */,
				9F118B3E20BC58F100C0DC20 /* UIView+NibFile.swift */,
				9F118B3D20BC58F100C0DC20 /* UIViewControllerTemplate.swift */,
			);
			path = External;
			sourceTree = "<group>";
		};
/* End PBXGroup section */

/* Begin PBXNativeTarget section */
		9F118B1920BC54D800C0DC20 /* HeroAnimations */ = {
			isa = PBXNativeTarget;
			buildConfigurationList = 9F118B2C20BC54D900C0DC20 /* Build configuration list for PBXNativeTarget "HeroAnimations" */;
			buildPhases = (
				9F118B1620BC54D800C0DC20 /* Sources */,
				9F118B1720BC54D800C0DC20 /* Frameworks */,
				9F118B1820BC54D800C0DC20 /* Resources */,
			);
			buildRules = (
			);
			dependencies = (
			);
			name = HeroAnimations;
			productName = HeroAnimations;
			productReference = 9F118B1A20BC54D800C0DC20 /* HeroAnimations.app */;
			productType = "com.apple.product-type.application";
		};
/* End PBXNativeTarget section */

/* Begin PBXProject section */
		9F118B1220BC54D800C0DC20 /* Project object */ = {
			isa = PBXProject;
			attributes = {
				LastSwiftUpdateCheck = 0930;
				LastUpgradeCheck = 0930;
				ORGANIZATIONNAME = Personal;
				TargetAttributes = {
					9F118B1920BC54D800C0DC20 = {
						CreatedOnToolsVersion = 9.3;
					};
				};
			};
			buildConfigurationList = 9F118B1520BC54D800C0DC20 /* Build configuration list for PBXProject "HeroAnimations" */;
			compatibilityVersion = "Xcode 9.3";
			developmentRegion = en;
			hasScannedForEncodings = 0;
			knownRegions = (
				en,
				Base,
			);
			mainGroup = 9F118B1120BC54D800C0DC20;
			productRefGroup = 9F118B1B20BC54D800C0DC20 /* Products */;
			projectDirPath = "";
			projectRoot = "";
			targets = (
				9F118B1920BC54D800C0DC20 /* HeroAnimations */,
			);
		};
/* End PBXProject section */

/* Begin PBXResourcesBuildPhase section */
		9F118B1820BC54D800C0DC20 /* Resources */ = {
			isa = PBXResourcesBuildPhase;
			buildActionMask = 2147483647;
			files = (
				9FCD90EB20D40DE80090DD71 /* DstView.xib in Resources */,
				9F118B4620BC5CA300C0DC20 /* Localizable.strings in Resources */,
				9F118B3A20BC58BD00C0DC20 /* SrcView.xib in Resources */,
				9F118B2820BC54D900C0DC20 /* LaunchScreen.storyboard in Resources */,
				9F118B2520BC54D900C0DC20 /* Assets.xcassets in Resources */,
			);
			runOnlyForDeploymentPostprocessing = 0;
		};
/* End PBXResourcesBuildPhase section */

/* Begin PBXSourcesBuildPhase section */
		9F118B1620BC54D800C0DC20 /* Sources */ = {
			isa = PBXSourcesBuildPhase;
			buildActionMask = 2147483647;
			files = (
				9F118B4420BC58F200C0DC20 /* UIView+Embed.swift in Sources */,
				9F118B3B20BC58BD00C0DC20 /* SrcView.swift in Sources */,
				9FCD90EA20D40DE80090DD71 /* DstView.swift in Sources */,
				9F118B4220BC58F200C0DC20 /* UIView+NibFile.swift in Sources */,
				9F118B3320BC57FB00C0DC20 /* SampleCoordinator.swift in Sources */,
				9F118B4120BC58F200C0DC20 /* UIViewControllerTemplate.swift in Sources */,
				9F118B1E20BC54D800C0DC20 /* AppDelegate.swift in Sources */,
				9F118B4320BC58F200C0DC20 /* UITableViewCellTemplate.swift in Sources */,
				9F118B3720BC581F00C0DC20 /* SimpleCallback.swift in Sources */,
			);
			runOnlyForDeploymentPostprocessing = 0;
		};
/* End PBXSourcesBuildPhase section */

/* Begin PBXVariantGroup section */
		9F118B2620BC54D900C0DC20 /* LaunchScreen.storyboard */ = {
			isa = PBXVariantGroup;
			children = (
				9F118B2720BC54D900C0DC20 /* Base */,
			);
			name = LaunchScreen.storyboard;
			sourceTree = "<group>";
		};
/* End PBXVariantGroup section */

/* Begin XCBuildConfiguration section */
		9F118B2A20BC54D900C0DC20 /* Debug */ = {
			isa = XCBuildConfiguration;
			buildSettings = {
				ALWAYS_SEARCH_USER_PATHS = NO;
				CLANG_ANALYZER_NONNULL = YES;
				CLANG_ANALYZER_NUMBER_OBJECT_CONVERSION = YES_AGGRESSIVE;
				CLANG_CXX_LANGUAGE_STANDARD = "gnu++14";
				CLANG_CXX_LIBRARY = "libc++";
				CLANG_ENABLE_MODULES = YES;
				CLANG_ENABLE_OBJC_ARC = YES;
				CLANG_ENABLE_OBJC_WEAK = YES;
				CLANG_WARN_BLOCK_CAPTURE_AUTORELEASING = YES;
				CLANG_WARN_BOOL_CONVERSION = YES;
				CLANG_WARN_COMMA = YES;
				CLANG_WARN_CONSTANT_CONVERSION = YES;
				CLANG_WARN_DEPRECATED_OBJC_IMPLEMENTATIONS = YES;
				CLANG_WARN_DIRECT_OBJC_ISA_USAGE = YES_ERROR;
				CLANG_WARN_DOCUMENTATION_COMMENTS = YES;
				CLANG_WARN_EMPTY_BODY = YES;
				CLANG_WARN_ENUM_CONVERSION = YES;
				CLANG_WARN_INFINITE_RECURSION = YES;
				CLANG_WARN_INT_CONVERSION = YES;
				CLANG_WARN_NON_LITERAL_NULL_CONVERSION = YES;
				CLANG_WARN_OBJC_IMPLICIT_RETAIN_SELF = YES;
				CLANG_WARN_OBJC_LITERAL_CONVERSION = YES;
				CLANG_WARN_OBJC_ROOT_CLASS = YES_ERROR;
				CLANG_WARN_RANGE_LOOP_ANALYSIS = YES;
				CLANG_WARN_STRICT_PROTOTYPES = YES;
				CLANG_WARN_SUSPICIOUS_MOVE = YES;
				CLANG_WARN_UNGUARDED_AVAILABILITY = YES_AGGRESSIVE;
				CLANG_WARN_UNREACHABLE_CODE = YES;
				CLANG_WARN__DUPLICATE_METHOD_MATCH = YES;
				CODE_SIGN_IDENTITY = "iPhone Developer";
				COPY_PHASE_STRIP = NO;
				DEBUG_INFORMATION_FORMAT = dwarf;
				ENABLE_STRICT_OBJC_MSGSEND = YES;
				ENABLE_TESTABILITY = YES;
				GCC_C_LANGUAGE_STANDARD = gnu11;
				GCC_DYNAMIC_NO_PIC = NO;
				GCC_NO_COMMON_BLOCKS = YES;
				GCC_OPTIMIZATION_LEVEL = 0;
				GCC_PREPROCESSOR_DEFINITIONS = (
					"DEBUG=1",
					"$(inherited)",
				);
				GCC_WARN_64_TO_32_BIT_CONVERSION = YES;
				GCC_WARN_ABOUT_RETURN_TYPE = YES_ERROR;
				GCC_WARN_UNDECLARED_SELECTOR = YES;
				GCC_WARN_UNINITIALIZED_AUTOS = YES_AGGRESSIVE;
				GCC_WARN_UNUSED_FUNCTION = YES;
				GCC_WARN_UNUSED_VARIABLE = YES;
				IPHONEOS_DEPLOYMENT_TARGET = 11.3;
				MTL_ENABLE_DEBUG_INFO = YES;
				ONLY_ACTIVE_ARCH = YES;
				SDKROOT = iphoneos;
				SWIFT_ACTIVE_COMPILATION_CONDITIONS = DEBUG;
				SWIFT_OPTIMIZATION_LEVEL = "-Onone";
			};
			name = Debug;
		};
		9F118B2B20BC54D900C0DC20 /* Release */ = {
			isa = XCBuildConfiguration;
			buildSettings = {
				ALWAYS_SEARCH_USER_PATHS = NO;
				CLANG_ANALYZER_NONNULL = YES;
				CLANG_ANALYZER_NUMBER_OBJECT_CONVERSION = YES_AGGRESSIVE;
				CLANG_CXX_LANGUAGE_STANDARD = "gnu++14";
				CLANG_CXX_LIBRARY = "libc++";
				CLANG_ENABLE_MODULES = YES;
				CLANG_ENABLE_OBJC_ARC = YES;
				CLANG_ENABLE_OBJC_WEAK = YES;
				CLANG_WARN_BLOCK_CAPTURE_AUTORELEASING = YES;
				CLANG_WARN_BOOL_CONVERSION = YES;
				CLANG_WARN_COMMA = YES;
				CLANG_WARN_CONSTANT_CONVERSION = YES;
				CLANG_WARN_DEPRECATED_OBJC_IMPLEMENTATIONS = YES;
				CLANG_WARN_DIRECT_OBJC_ISA_USAGE = YES_ERROR;
				CLANG_WARN_DOCUMENTATION_COMMENTS = YES;
				CLANG_WARN_EMPTY_BODY = YES;
				CLANG_WARN_ENUM_CONVERSION = YES;
				CLANG_WARN_INFINITE_RECURSION = YES;
				CLANG_WARN_INT_CONVERSION = YES;
				CLANG_WARN_NON_LITERAL_NULL_CONVERSION = YES;
				CLANG_WARN_OBJC_IMPLICIT_RETAIN_SELF = YES;
				CLANG_WARN_OBJC_LITERAL_CONVERSION = YES;
				CLANG_WARN_OBJC_ROOT_CLASS = YES_ERROR;
				CLANG_WARN_RANGE_LOOP_ANALYSIS = YES;
				CLANG_WARN_STRICT_PROTOTYPES = YES;
				CLANG_WARN_SUSPICIOUS_MOVE = YES;
				CLANG_WARN_UNGUARDED_AVAILABILITY = YES_AGGRESSIVE;
				CLANG_WARN_UNREACHABLE_CODE = YES;
				CLANG_WARN__DUPLICATE_METHOD_MATCH = YES;
				CODE_SIGN_IDENTITY = "iPhone Developer";
				COPY_PHASE_STRIP = NO;
				DEBUG_INFORMATION_FORMAT = "dwarf-with-dsym";
				ENABLE_NS_ASSERTIONS = NO;
				ENABLE_STRICT_OBJC_MSGSEND = YES;
				GCC_C_LANGUAGE_STANDARD = gnu11;
				GCC_NO_COMMON_BLOCKS = YES;
				GCC_WARN_64_TO_32_BIT_CONVERSION = YES;
				GCC_WARN_ABOUT_RETURN_TYPE = YES_ERROR;
				GCC_WARN_UNDECLARED_SELECTOR = YES;
				GCC_WARN_UNINITIALIZED_AUTOS = YES_AGGRESSIVE;
				GCC_WARN_UNUSED_FUNCTION = YES;
				GCC_WARN_UNUSED_VARIABLE = YES;
				IPHONEOS_DEPLOYMENT_TARGET = 11.3;
				MTL_ENABLE_DEBUG_INFO = NO;
				SDKROOT = iphoneos;
				SWIFT_COMPILATION_MODE = wholemodule;
				SWIFT_OPTIMIZATION_LEVEL = "-O";
				VALIDATE_PRODUCT = YES;
			};
			name = Release;
		};
		9F118B2D20BC54D900C0DC20 /* Debug */ = {
			isa = XCBuildConfiguration;
			buildSettings = {
				ASSETCATALOG_COMPILER_APPICON_NAME = AppIcon;
				CODE_SIGN_STYLE = Automatic;
				INFOPLIST_FILE = "$(SRCROOT)/App/Info.plist";
				IPHONEOS_DEPLOYMENT_TARGET = 10.0;
				LD_RUNPATH_SEARCH_PATHS = (
					"$(inherited)",
					"@executable_path/Frameworks",
				);
				PRODUCT_BUNDLE_IDENTIFIER = su.kornerr.HeroAnimations;
				PRODUCT_NAME = "$(TARGET_NAME)";
				SWIFT_VERSION = 4.0;
				TARGETED_DEVICE_FAMILY = "1,2";
			};
			name = Debug;
		};
		9F118B2E20BC54D900C0DC20 /* Release */ = {
			isa = XCBuildConfiguration;
			buildSettings = {
				ASSETCATALOG_COMPILER_APPICON_NAME = AppIcon;
				CODE_SIGN_STYLE = Automatic;
				INFOPLIST_FILE = "$(SRCROOT)/App/Info.plist";
				IPHONEOS_DEPLOYMENT_TARGET = 10.0;
				LD_RUNPATH_SEARCH_PATHS = (
					"$(inherited)",
					"@executable_path/Frameworks",
				);
				PRODUCT_BUNDLE_IDENTIFIER = su.kornerr.HeroAnimations;
				PRODUCT_NAME = "$(TARGET_NAME)";
				SWIFT_VERSION = 4.0;
				TARGETED_DEVICE_FAMILY = "1,2";
			};
			name = Release;
		};
/* End XCBuildConfiguration section */

/* Begin XCConfigurationList section */
		9F118B1520BC54D800C0DC20 /* Build configuration list for PBXProject "HeroAnimations" */ = {
			isa = XCConfigurationList;
			buildConfigurations = (
				9F118B2A20BC54D900C0DC20 /* Debug */,
				9F118B2B20BC54D900C0DC20 /* Release */,
			);
			defaultConfigurationIsVisible = 0;
			defaultConfigurationName = Release;
		};
		9F118B2C20BC54D900C0DC20 /* Build configuration list for PBXNativeTarget "HeroAnimations" */ = {
			isa = XCConfigurationList;
			buildConfigurations = (
				9F118B2D20BC54D900C0DC20 /* Debug */,
				9F118B2E20BC54D900C0DC20 /* Release */,
			);
			defaultConfigurationIsVisible = 0;
			defaultConfigurationName = Release;
		};
/* End XCConfigurationList section */
	};
	rootObject = 9F118B1220BC54D800C0DC20 /* Project object */;
}
