// !$*UTF8*$!
{
	archiveVersion = 1;
	classes = {
	};
	objectVersion = 50;
	objects = {

/* Begin PBXBuildFile section */
		6AAE6809BFBE70B7BC8A7760 /* Pods_ThreeLevelAnimations.framework in Frameworks */ = {isa = PBXBuildFile; fileRef = A9C809010E713140412B1B78 /* Pods_ThreeLevelAnimations.framework */; };
		9F118B1E20BC54D800C0DC20 /* AppDelegate.swift in Sources */ = {isa = PBXBuildFile; fileRef = 9F118B1D20BC54D800C0DC20 /* AppDelegate.swift */; };
		9F118B2520BC54D900C0DC20 /* Assets.xcassets in Resources */ = {isa = PBXBuildFile; fileRef = 9F118B2420BC54D900C0DC20 /* Assets.xcassets */; };
		9F118B2820BC54D900C0DC20 /* LaunchScreen.storyboard in Resources */ = {isa = PBXBuildFile; fileRef = 9F118B2620BC54D900C0DC20 /* LaunchScreen.storyboard */; };
		9F118B3320BC57FB00C0DC20 /* SampleCoordinator.swift in Sources */ = {isa = PBXBuildFile; fileRef = 9F118B3020BC57FB00C0DC20 /* SampleCoordinator.swift */; };
		9F118B3720BC581F00C0DC20 /* SimpleCallback.swift in Sources */ = {isa = PBXBuildFile; fileRef = 9F118B3620BC581F00C0DC20 /* SimpleCallback.swift */; };
		9F118B4120BC58F200C0DC20 /* UIViewControllerTemplate.swift in Sources */ = {isa = PBXBuildFile; fileRef = 9F118B3D20BC58F100C0DC20 /* UIViewControllerTemplate.swift */; };
		9F118B4220BC58F200C0DC20 /* UIView+NibFile.swift in Sources */ = {isa = PBXBuildFile; fileRef = 9F118B3E20BC58F100C0DC20 /* UIView+NibFile.swift */; };
		9F118B4320BC58F200C0DC20 /* UITableViewCellTemplate.swift in Sources */ = {isa = PBXBuildFile; fileRef = 9F118B3F20BC58F100C0DC20 /* UITableViewCellTemplate.swift */; };
		9F118B4420BC58F200C0DC20 /* UIView+Embed.swift in Sources */ = {isa = PBXBuildFile; fileRef = 9F118B4020BC58F200C0DC20 /* UIView+Embed.swift */; };
		9F118B4620BC5CA300C0DC20 /* Localizable.strings in Resources */ = {isa = PBXBuildFile; fileRef = 9F118B4520BC5CA300C0DC20 /* Localizable.strings */; };
		9FCD435720D7E4D5002F108D /* SampleView.xib in Resources */ = {isa = PBXBuildFile; fileRef = 9FCD435520D7E4D5002F108D /* SampleView.xib */; };
		9FCD435820D7E4D5002F108D /* SampleView.swift in Sources */ = {isa = PBXBuildFile; fileRef = 9FCD435620D7E4D5002F108D /* SampleView.swift */; };
		9FCD435F20D7E7D1002F108D /* HeroCoordinator.swift in Sources */ = {isa = PBXBuildFile; fileRef = 9FCD435A20D7E7D0002F108D /* HeroCoordinator.swift */; };
		9FCD436020D7E7D1002F108D /* DstView.swift in Sources */ = {isa = PBXBuildFile; fileRef = 9FCD435B20D7E7D1002F108D /* DstView.swift */; };
		9FCD436120D7E7D1002F108D /* DstView.xib in Resources */ = {isa = PBXBuildFile; fileRef = 9FCD435C20D7E7D1002F108D /* DstView.xib */; };
		9FCD436220D7E7D1002F108D /* SrcView.swift in Sources */ = {isa = PBXBuildFile; fileRef = 9FCD435D20D7E7D1002F108D /* SrcView.swift */; };
		9FCD436320D7E7D1002F108D /* SrcView.xib in Resources */ = {isa = PBXBuildFile; fileRef = 9FCD435E20D7E7D1002F108D /* SrcView.xib */; };
		9FCD436520D7E7DB002F108D /* Coordinator.swift in Sources */ = {isa = PBXBuildFile; fileRef = 9FCD436420D7E7DB002F108D /* Coordinator.swift */; };
		9FCD436820D7EDFD002F108D /* SectionsView.xib in Resources */ = {isa = PBXBuildFile; fileRef = 9FCD436620D7EDFD002F108D /* SectionsView.xib */; };
		9FCD436920D7EDFD002F108D /* SectionsView.swift in Sources */ = {isa = PBXBuildFile; fileRef = 9FCD436720D7EDFD002F108D /* SectionsView.swift */; };
		9FCD436B20D8025A002F108D /* SectionsItem.swift in Sources */ = {isa = PBXBuildFile; fileRef = 9FCD436A20D8025A002F108D /* SectionsItem.swift */; };
		9FCD436E20D802BC002F108D /* SectionsItemView.xib in Resources */ = {isa = PBXBuildFile; fileRef = 9FCD436C20D802BC002F108D /* SectionsItemView.xib */; };
		9FCD436F20D802BC002F108D /* SectionsItemView.swift in Sources */ = {isa = PBXBuildFile; fileRef = 9FCD436D20D802BC002F108D /* SectionsItemView.swift */; };
		ACBD88F6407C37855903CE93 /* Pods_ThreeLevelAnimations.framework in Frameworks */ = {isa = PBXBuildFile; fileRef = 6B29965987FCCFCF023F960B /* Pods_ThreeLevelAnimations.framework */; };
/* End PBXBuildFile section */

/* Begin PBXFileReference section */
		64306CE682EEDC8E0A72AEC3 /* Pods-ThreeLevelAnimations.debug.xcconfig */ = {isa = PBXFileReference; includeInIndex = 1; lastKnownFileType = text.xcconfig; name = "Pods-ThreeLevelAnimations.debug.xcconfig"; path = "Pods/Target Support Files/Pods-ThreeLevelAnimations/Pods-ThreeLevelAnimations.debug.xcconfig"; sourceTree = "<group>"; };
		6B29965987FCCFCF023F960B /* Pods_ThreeLevelAnimations.framework */ = {isa = PBXFileReference; explicitFileType = wrapper.framework; includeInIndex = 0; path = Pods_ThreeLevelAnimations.framework; sourceTree = BUILT_PRODUCTS_DIR; };
		9F118B1A20BC54D800C0DC20 /* ThreeLevelAnimations.app */ = {isa = PBXFileReference; explicitFileType = wrapper.application; includeInIndex = 0; path = ThreeLevelAnimations.app; sourceTree = BUILT_PRODUCTS_DIR; };
		9F118B1D20BC54D800C0DC20 /* AppDelegate.swift */ = {isa = PBXFileReference; lastKnownFileType = sourcecode.swift; path = AppDelegate.swift; sourceTree = "<group>"; };
		9F118B2420BC54D900C0DC20 /* Assets.xcassets */ = {isa = PBXFileReference; lastKnownFileType = folder.assetcatalog; path = Assets.xcassets; sourceTree = "<group>"; };
		9F118B2720BC54D900C0DC20 /* Base */ = {isa = PBXFileReference; lastKnownFileType = file.storyboard; name = Base; path = Base.lproj/LaunchScreen.storyboard; sourceTree = "<group>"; };
		9F118B2920BC54D900C0DC20 /* Info.plist */ = {isa = PBXFileReference; lastKnownFileType = text.plist.xml; path = Info.plist; sourceTree = "<group>"; };
		9F118B3020BC57FB00C0DC20 /* SampleCoordinator.swift */ = {isa = PBXFileReference; fileEncoding = 4; lastKnownFileType = sourcecode.swift; path = SampleCoordinator.swift; sourceTree = "<group>"; };
		9F118B3620BC581F00C0DC20 /* SimpleCallback.swift */ = {isa = PBXFileReference; fileEncoding = 4; lastKnownFileType = sourcecode.swift; path = SimpleCallback.swift; sourceTree = "<group>"; };
		9F118B3D20BC58F100C0DC20 /* UIViewControllerTemplate.swift */ = {isa = PBXFileReference; fileEncoding = 4; lastKnownFileType = sourcecode.swift; path = UIViewControllerTemplate.swift; sourceTree = "<group>"; };
		9F118B3E20BC58F100C0DC20 /* UIView+NibFile.swift */ = {isa = PBXFileReference; fileEncoding = 4; lastKnownFileType = sourcecode.swift; path = "UIView+NibFile.swift"; sourceTree = "<group>"; };
		9F118B3F20BC58F100C0DC20 /* UITableViewCellTemplate.swift */ = {isa = PBXFileReference; fileEncoding = 4; lastKnownFileType = sourcecode.swift; path = UITableViewCellTemplate.swift; sourceTree = "<group>"; };
		9F118B4020BC58F200C0DC20 /* UIView+Embed.swift */ = {isa = PBXFileReference; fileEncoding = 4; lastKnownFileType = sourcecode.swift; path = "UIView+Embed.swift"; sourceTree = "<group>"; };
		9F118B4520BC5CA300C0DC20 /* Localizable.strings */ = {isa = PBXFileReference; fileEncoding = 4; lastKnownFileType = text.plist.strings; path = Localizable.strings; sourceTree = "<group>"; };
		9FCD435520D7E4D5002F108D /* SampleView.xib */ = {isa = PBXFileReference; fileEncoding = 4; lastKnownFileType = file.xib; path = SampleView.xib; sourceTree = "<group>"; };
		9FCD435620D7E4D5002F108D /* SampleView.swift */ = {isa = PBXFileReference; fileEncoding = 4; lastKnownFileType = sourcecode.swift; path = SampleView.swift; sourceTree = "<group>"; };
		9FCD435A20D7E7D0002F108D /* HeroCoordinator.swift */ = {isa = PBXFileReference; fileEncoding = 4; lastKnownFileType = sourcecode.swift; path = HeroCoordinator.swift; sourceTree = "<group>"; };
		9FCD435B20D7E7D1002F108D /* DstView.swift */ = {isa = PBXFileReference; fileEncoding = 4; lastKnownFileType = sourcecode.swift; path = DstView.swift; sourceTree = "<group>"; };
		9FCD435C20D7E7D1002F108D /* DstView.xib */ = {isa = PBXFileReference; fileEncoding = 4; lastKnownFileType = file.xib; path = DstView.xib; sourceTree = "<group>"; };
		9FCD435D20D7E7D1002F108D /* SrcView.swift */ = {isa = PBXFileReference; fileEncoding = 4; lastKnownFileType = sourcecode.swift; path = SrcView.swift; sourceTree = "<group>"; };
		9FCD435E20D7E7D1002F108D /* SrcView.xib */ = {isa = PBXFileReference; fileEncoding = 4; lastKnownFileType = file.xib; path = SrcView.xib; sourceTree = "<group>"; };
		9FCD436420D7E7DB002F108D /* Coordinator.swift */ = {isa = PBXFileReference; fileEncoding = 4; lastKnownFileType = sourcecode.swift; path = Coordinator.swift; sourceTree = "<group>"; };
		9FCD436620D7EDFD002F108D /* SectionsView.xib */ = {isa = PBXFileReference; fileEncoding = 4; lastKnownFileType = file.xib; path = SectionsView.xib; sourceTree = "<group>"; };
		9FCD436720D7EDFD002F108D /* SectionsView.swift */ = {isa = PBXFileReference; fileEncoding = 4; lastKnownFileType = sourcecode.swift; path = SectionsView.swift; sourceTree = "<group>"; };
		9FCD436A20D8025A002F108D /* SectionsItem.swift */ = {isa = PBXFileReference; fileEncoding = 4; lastKnownFileType = sourcecode.swift; path = SectionsItem.swift; sourceTree = "<group>"; };
		9FCD436C20D802BC002F108D /* SectionsItemView.xib */ = {isa = PBXFileReference; fileEncoding = 4; lastKnownFileType = file.xib; path = SectionsItemView.xib; sourceTree = "<group>"; };
		9FCD436D20D802BC002F108D /* SectionsItemView.swift */ = {isa = PBXFileReference; fileEncoding = 4; lastKnownFileType = sourcecode.swift; path = SectionsItemView.swift; sourceTree = "<group>"; };
		A9C809010E713140412B1B78 /* Pods_ThreeLevelAnimations.framework */ = {isa = PBXFileReference; explicitFileType = wrapper.framework; includeInIndex = 0; path = Pods_ThreeLevelAnimations.framework; sourceTree = BUILT_PRODUCTS_DIR; };
		B62600F8100D882D0DEA604A /* Pods-ThreeLevelAnimations.release.xcconfig */ = {isa = PBXFileReference; includeInIndex = 1; lastKnownFileType = text.xcconfig; name = "Pods-ThreeLevelAnimations.release.xcconfig"; path = "Pods/Target Support Files/Pods-ThreeLevelAnimations/Pods-ThreeLevelAnimations.release.xcconfig"; sourceTree = "<group>"; };
		B7891881C57A9432D3FB91CF /* Pods-ThreeLevelAnimations.debug.xcconfig */ = {isa = PBXFileReference; includeInIndex = 1; lastKnownFileType = text.xcconfig; name = "Pods-ThreeLevelAnimations.debug.xcconfig"; path = "Pods/Target Support Files/Pods-ThreeLevelAnimations/Pods-ThreeLevelAnimations.debug.xcconfig"; sourceTree = "<group>"; };
		E3488EB2AE86B7FD4DF5296E /* Pods-ThreeLevelAnimations.release.xcconfig */ = {isa = PBXFileReference; includeInIndex = 1; lastKnownFileType = text.xcconfig; name = "Pods-ThreeLevelAnimations.release.xcconfig"; path = "Pods/Target Support Files/Pods-ThreeLevelAnimations/Pods-ThreeLevelAnimations.release.xcconfig"; sourceTree = "<group>"; };
/* End PBXFileReference section */

/* Begin PBXFrameworksBuildPhase section */
		9F118B1720BC54D800C0DC20 /* Frameworks */ = {
			isa = PBXFrameworksBuildPhase;
			buildActionMask = 2147483647;
			files = (
				6AAE6809BFBE70B7BC8A7760 /* Pods_ThreeLevelAnimations.framework in Frameworks */,
				ACBD88F6407C37855903CE93 /* Pods_ThreeLevelAnimations.framework in Frameworks */,
			);
			runOnlyForDeploymentPostprocessing = 0;
		};
/* End PBXFrameworksBuildPhase section */

/* Begin PBXGroup section */
		3D6ABF6057A3703C218C49F3 /* Frameworks */ = {
			isa = PBXGroup;
			children = (
				A9C809010E713140412B1B78 /* Pods_ThreeLevelAnimations.framework */,
				6B29965987FCCFCF023F960B /* Pods_ThreeLevelAnimations.framework */,
			);
			name = Frameworks;
			sourceTree = "<group>";
		};
		954466DD05C2D92236276AA7 /* Pods */ = {
			isa = PBXGroup;
			children = (
				64306CE682EEDC8E0A72AEC3 /* Pods-ThreeLevelAnimations.debug.xcconfig */,
				B62600F8100D882D0DEA604A /* Pods-ThreeLevelAnimations.release.xcconfig */,
				B7891881C57A9432D3FB91CF /* Pods-ThreeLevelAnimations.debug.xcconfig */,
				E3488EB2AE86B7FD4DF5296E /* Pods-ThreeLevelAnimations.release.xcconfig */,
			);
			name = Pods;
			sourceTree = "<group>";
		};
		9F118B1120BC54D800C0DC20 = {
			isa = PBXGroup;
			children = (
				9F118B3C20BC58E400C0DC20 /* External */,
				9F118B1C20BC54D800C0DC20 /* App */,
				9F118B1B20BC54D800C0DC20 /* Products */,
				954466DD05C2D92236276AA7 /* Pods */,
				3D6ABF6057A3703C218C49F3 /* Frameworks */,
			);
			sourceTree = "<group>";
		};
		9F118B1B20BC54D800C0DC20 /* Products */ = {
			isa = PBXGroup;
			children = (
				9F118B1A20BC54D800C0DC20 /* ThreeLevelAnimations.app */,
			);
			name = Products;
			sourceTree = "<group>";
		};
		9F118B1C20BC54D800C0DC20 /* App */ = {
			isa = PBXGroup;
			children = (
				9FCD435920D7E701002F108D /* Hero */,
				9F118B2F20BC57EC00C0DC20 /* Sample */,
				9F118B1D20BC54D800C0DC20 /* AppDelegate.swift */,
				9FCD436420D7E7DB002F108D /* Coordinator.swift */,
				9F118B3620BC581F00C0DC20 /* SimpleCallback.swift */,
				9F118B2420BC54D900C0DC20 /* Assets.xcassets */,
				9F118B2620BC54D900C0DC20 /* LaunchScreen.storyboard */,
				9F118B2920BC54D900C0DC20 /* Info.plist */,
				9F118B4520BC5CA300C0DC20 /* Localizable.strings */,
			);
			path = App;
			sourceTree = "<group>";
		};
		9F118B2F20BC57EC00C0DC20 /* Sample */ = {
			isa = PBXGroup;
			children = (
				9F118B3020BC57FB00C0DC20 /* SampleCoordinator.swift */,
				9FCD435620D7E4D5002F108D /* SampleView.swift */,
				9FCD435520D7E4D5002F108D /* SampleView.xib */,
				9FCD436720D7EDFD002F108D /* SectionsView.swift */,
				9FCD436620D7EDFD002F108D /* SectionsView.xib */,
				9FCD436A20D8025A002F108D /* SectionsItem.swift */,
				9FCD436D20D802BC002F108D /* SectionsItemView.swift */,
				9FCD436C20D802BC002F108D /* SectionsItemView.xib */,
			);
			path = Sample;
			sourceTree = "<group>";
		};
		9F118B3C20BC58E400C0DC20 /* External */ = {
			isa = PBXGroup;
			children = (
				9F118B3F20BC58F100C0DC20 /* UITableViewCellTemplate.swift */,
				9F118B4020BC58F200C0DC20 /* UIView+Embed.swift */,
				9F118B3E20BC58F100C0DC20 /* UIView+NibFile.swift */,
				9F118B3D20BC58F100C0DC20 /* UIViewControllerTemplate.swift */,
			);
			path = External;
			sourceTree = "<group>";
		};
		9FCD435920D7E701002F108D /* Hero */ = {
			isa = PBXGroup;
			children = (
				9FCD435A20D7E7D0002F108D /* HeroCoordinator.swift */,
				9FCD435B20D7E7D1002F108D /* DstView.swift */,
				9FCD435C20D7E7D1002F108D /* DstView.xib */,
				9FCD435D20D7E7D1002F108D /* SrcView.swift */,
				9FCD435E20D7E7D1002F108D /* SrcView.xib */,
			);
			path = Hero;
			sourceTree = "<group>";
		};
/* End PBXGroup section */

/* Begin PBXNativeTarget section */
		9F118B1920BC54D800C0DC20 /* ThreeLevelAnimations */ = {
			isa = PBXNativeTarget;
			buildConfigurationList = 9F118B2C20BC54D900C0DC20 /* Build configuration list for PBXNativeTarget "ThreeLevelAnimations" */;
			buildPhases = (
				EEDFA6D6B0363A8571DABED4 /* [CP] Check Pods Manifest.lock */,
				9F118B1620BC54D800C0DC20 /* Sources */,
				9F118B1720BC54D800C0DC20 /* Frameworks */,
				9F118B1820BC54D800C0DC20 /* Resources */,
				2CFC9F9FD34DA5D96C764AD6 /* [CP] Embed Pods Frameworks */,
				CFAF2AD9F1FF6C471F3B24AF /* [CP] Copy Pods Resources */,
			);
			buildRules = (
			);
			dependencies = (
			);
			name = ThreeLevelAnimations;
			productName = ThreeLevelAnimations;
			productReference = 9F118B1A20BC54D800C0DC20 /* ThreeLevelAnimations.app */;
			productType = "com.apple.product-type.application";
		};
/* End PBXNativeTarget section */

/* Begin PBXProject section */
		9F118B1220BC54D800C0DC20 /* Project object */ = {
			isa = PBXProject;
			attributes = {
				LastSwiftUpdateCheck = 0930;
				LastUpgradeCheck = 0930;
				ORGANIZATIONNAME = Personal;
				TargetAttributes = {
					9F118B1920BC54D800C0DC20 = {
						CreatedOnToolsVersion = 9.3;
					};
				};
			};
			buildConfigurationList = 9F118B1520BC54D800C0DC20 /* Build configuration list for PBXProject "ThreeLevelAnimations" */;
			compatibilityVersion = "Xcode 9.3";
			developmentRegion = en;
			hasScannedForEncodings = 0;
			knownRegions = (
				en,
				Base,
			);
			mainGroup = 9F118B1120BC54D800C0DC20;
			productRefGroup = 9F118B1B20BC54D800C0DC20 /* Products */;
			projectDirPath = "";
			projectRoot = "";
			targets = (
				9F118B1920BC54D800C0DC20 /* ThreeLevelAnimations */,
			);
		};
/* End PBXProject section */

/* Begin PBXResourcesBuildPhase section */
		9F118B1820BC54D800C0DC20 /* Resources */ = {
			isa = PBXResourcesBuildPhase;
			buildActionMask = 2147483647;
			files = (
				9FCD436120D7E7D1002F108D /* DstView.xib in Resources */,
				9FCD436320D7E7D1002F108D /* SrcView.xib in Resources */,
				9F118B4620BC5CA300C0DC20 /* Localizable.strings in Resources */,
				9F118B2820BC54D900C0DC20 /* LaunchScreen.storyboard in Resources */,
				9FCD435720D7E4D5002F108D /* SampleView.xib in Resources */,
				9FCD436820D7EDFD002F108D /* SectionsView.xib in Resources */,
				9F118B2520BC54D900C0DC20 /* Assets.xcassets in Resources */,
				9FCD436E20D802BC002F108D /* SectionsItemView.xib in Resources */,
			);
			runOnlyForDeploymentPostprocessing = 0;
		};
/* End PBXResourcesBuildPhase section */

/* Begin PBXShellScriptBuildPhase section */
		2CFC9F9FD34DA5D96C764AD6 /* [CP] Embed Pods Frameworks */ = {
			isa = PBXShellScriptBuildPhase;
			buildActionMask = 2147483647;
			files = (
			);
			inputPaths = (
				"${SRCROOT}/Pods/Target Support Files/Pods-ThreeLevelAnimations/Pods-ThreeLevelAnimations-frameworks.sh",
				"${BUILT_PRODUCTS_DIR}/Hero/Hero.framework",
				"${BUILT_PRODUCTS_DIR}/SkeletonView/SkeletonView.framework",
				"${BUILT_PRODUCTS_DIR}/iCarousel/iCarousel.framework",
			);
			name = "[CP] Embed Pods Frameworks";
			outputPaths = (
				"${TARGET_BUILD_DIR}/${FRAMEWORKS_FOLDER_PATH}/Hero.framework",
				"${TARGET_BUILD_DIR}/${FRAMEWORKS_FOLDER_PATH}/SkeletonView.framework",
				"${TARGET_BUILD_DIR}/${FRAMEWORKS_FOLDER_PATH}/iCarousel.framework",
			);
			runOnlyForDeploymentPostprocessing = 0;
			shellPath = /bin/sh;
			shellScript = "\"${SRCROOT}/Pods/Target Support Files/Pods-ThreeLevelAnimations/Pods-ThreeLevelAnimations-frameworks.sh\"\n";
			showEnvVarsInLog = 0;
		};
		CFAF2AD9F1FF6C471F3B24AF /* [CP] Copy Pods Resources */ = {
			isa = PBXShellScriptBuildPhase;
			buildActionMask = 2147483647;
			files = (
			);
			inputPaths = (
			);
			name = "[CP] Copy Pods Resources";
			outputPaths = (
			);
			runOnlyForDeploymentPostprocessing = 0;
			shellPath = /bin/sh;
			shellScript = "\"${SRCROOT}/Pods/Target Support Files/Pods-ThreeLevelAnimations/Pods-ThreeLevelAnimations-resources.sh\"\n";
			showEnvVarsInLog = 0;
		};
		EEDFA6D6B0363A8571DABED4 /* [CP] Check Pods Manifest.lock */ = {
			isa = PBXShellScriptBuildPhase;
			buildActionMask = 2147483647;
			files = (
			);
			inputPaths = (
				"${PODS_PODFILE_DIR_PATH}/Podfile.lock",
				"${PODS_ROOT}/Manifest.lock",
			);
			name = "[CP] Check Pods Manifest.lock";
			outputPaths = (
				"$(DERIVED_FILE_DIR)/Pods-ThreeLevelAnimations-checkManifestLockResult.txt",
			);
			runOnlyForDeploymentPostprocessing = 0;
			shellPath = /bin/sh;
			shellScript = "diff \"${PODS_PODFILE_DIR_PATH}/Podfile.lock\" \"${PODS_ROOT}/Manifest.lock\" > /dev/null\nif [ $? != 0 ] ; then\n    # print error to STDERR\n    echo \"error: The sandbox is not in sync with the Podfile.lock. Run 'pod install' or update your CocoaPods installation.\" >&2\n    exit 1\nfi\n# This output is used by Xcode 'outputs' to avoid re-running this script phase.\necho \"SUCCESS\" > \"${SCRIPT_OUTPUT_FILE_0}\"\n";
			showEnvVarsInLog = 0;
		};
/* End PBXShellScriptBuildPhase section */

/* Begin PBXSourcesBuildPhase section */
		9F118B1620BC54D800C0DC20 /* Sources */ = {
			isa = PBXSourcesBuildPhase;
			buildActionMask = 2147483647;
			files = (
				9FCD436B20D8025A002F108D /* SectionsItem.swift in Sources */,
				9FCD436020D7E7D1002F108D /* DstView.swift in Sources */,
				9FCD435F20D7E7D1002F108D /* HeroCoordinator.swift in Sources */,
				9FCD436220D7E7D1002F108D /* SrcView.swift in Sources */,
				9FCD435820D7E4D5002F108D /* SampleView.swift in Sources */,
				9F118B4420BC58F200C0DC20 /* UIView+Embed.swift in Sources */,
				9F118B4220BC58F200C0DC20 /* UIView+NibFile.swift in Sources */,
				9FCD436920D7EDFD002F108D /* SectionsView.swift in Sources */,
				9F118B3320BC57FB00C0DC20 /* SampleCoordinator.swift in Sources */,
				9F118B4120BC58F200C0DC20 /* UIViewControllerTemplate.swift in Sources */,
				9FCD436F20D802BC002F108D /* SectionsItemView.swift in Sources */,
				9FCD436520D7E7DB002F108D /* Coordinator.swift in Sources */,
				9F118B1E20BC54D800C0DC20 /* AppDelegate.swift in Sources */,
				9F118B4320BC58F200C0DC20 /* UITableViewCellTemplate.swift in Sources */,
				9F118B3720BC581F00C0DC20 /* SimpleCallback.swift in Sources */,
			);
			runOnlyForDeploymentPostprocessing = 0;
		};
/* End PBXSourcesBuildPhase section */

/* Begin PBXVariantGroup section */
		9F118B2620BC54D900C0DC20 /* LaunchScreen.storyboard */ = {
			isa = PBXVariantGroup;
			children = (
				9F118B2720BC54D900C0DC20 /* Base */,
			);
			name = LaunchScreen.storyboard;
			sourceTree = "<group>";
		};
/* End PBXVariantGroup section */

/* Begin XCBuildConfiguration section */
		9F118B2A20BC54D900C0DC20 /* Debug */ = {
			isa = XCBuildConfiguration;
			buildSettings = {
				ALWAYS_SEARCH_USER_PATHS = NO;
				CLANG_ANALYZER_NONNULL = YES;
				CLANG_ANALYZER_NUMBER_OBJECT_CONVERSION = YES_AGGRESSIVE;
				CLANG_CXX_LANGUAGE_STANDARD = "gnu++14";
				CLANG_CXX_LIBRARY = "libc++";
				CLANG_ENABLE_MODULES = YES;
				CLANG_ENABLE_OBJC_ARC = YES;
				CLANG_ENABLE_OBJC_WEAK = YES;
				CLANG_WARN_BLOCK_CAPTURE_AUTORELEASING = YES;
				CLANG_WARN_BOOL_CONVERSION = YES;
				CLANG_WARN_COMMA = YES;
				CLANG_WARN_CONSTANT_CONVERSION = YES;
				CLANG_WARN_DEPRECATED_OBJC_IMPLEMENTATIONS = YES;
				CLANG_WARN_DIRECT_OBJC_ISA_USAGE = YES_ERROR;
				CLANG_WARN_DOCUMENTATION_COMMENTS = YES;
				CLANG_WARN_EMPTY_BODY = YES;
				CLANG_WARN_ENUM_CONVERSION = YES;
				CLANG_WARN_INFINITE_RECURSION = YES;
				CLANG_WARN_INT_CONVERSION = YES;
				CLANG_WARN_NON_LITERAL_NULL_CONVERSION = YES;
				CLANG_WARN_OBJC_IMPLICIT_RETAIN_SELF = YES;
				CLANG_WARN_OBJC_LITERAL_CONVERSION = YES;
				CLANG_WARN_OBJC_ROOT_CLASS = YES_ERROR;
				CLANG_WARN_RANGE_LOOP_ANALYSIS = YES;
				CLANG_WARN_STRICT_PROTOTYPES = YES;
				CLANG_WARN_SUSPICIOUS_MOVE = YES;
				CLANG_WARN_UNGUARDED_AVAILABILITY = YES_AGGRESSIVE;
				CLANG_WARN_UNREACHABLE_CODE = YES;
				CLANG_WARN__DUPLICATE_METHOD_MATCH = YES;
				CODE_SIGN_IDENTITY = "iPhone Developer";
				COPY_PHASE_STRIP = NO;
				DEBUG_INFORMATION_FORMAT = dwarf;
				ENABLE_STRICT_OBJC_MSGSEND = YES;
				ENABLE_TESTABILITY = YES;
				GCC_C_LANGUAGE_STANDARD = gnu11;
				GCC_DYNAMIC_NO_PIC = NO;
				GCC_NO_COMMON_BLOCKS = YES;
				GCC_OPTIMIZATION_LEVEL = 0;
				GCC_PREPROCESSOR_DEFINITIONS = (
					"DEBUG=1",
					"$(inherited)",
				);
				GCC_WARN_64_TO_32_BIT_CONVERSION = YES;
				GCC_WARN_ABOUT_RETURN_TYPE = YES_ERROR;
				GCC_WARN_UNDECLARED_SELECTOR = YES;
				GCC_WARN_UNINITIALIZED_AUTOS = YES_AGGRESSIVE;
				GCC_WARN_UNUSED_FUNCTION = YES;
				GCC_WARN_UNUSED_VARIABLE = YES;
				IPHONEOS_DEPLOYMENT_TARGET = 11.3;
				MTL_ENABLE_DEBUG_INFO = YES;
				ONLY_ACTIVE_ARCH = YES;
				SDKROOT = iphoneos;
				SWIFT_ACTIVE_COMPILATION_CONDITIONS = DEBUG;
				SWIFT_OPTIMIZATION_LEVEL = "-Onone";
			};
			name = Debug;
		};
		9F118B2B20BC54D900C0DC20 /* Release */ = {
			isa = XCBuildConfiguration;
			buildSettings = {
				ALWAYS_SEARCH_USER_PATHS = NO;
				CLANG_ANALYZER_NONNULL = YES;
				CLANG_ANALYZER_NUMBER_OBJECT_CONVERSION = YES_AGGRESSIVE;
				CLANG_CXX_LANGUAGE_STANDARD = "gnu++14";
				CLANG_CXX_LIBRARY = "libc++";
				CLANG_ENABLE_MODULES = YES;
				CLANG_ENABLE_OBJC_ARC = YES;
				CLANG_ENABLE_OBJC_WEAK = YES;
				CLANG_WARN_BLOCK_CAPTURE_AUTORELEASING = YES;
				CLANG_WARN_BOOL_CONVERSION = YES;
				CLANG_WARN_COMMA = YES;
				CLANG_WARN_CONSTANT_CONVERSION = YES;
				CLANG_WARN_DEPRECATED_OBJC_IMPLEMENTATIONS = YES;
				CLANG_WARN_DIRECT_OBJC_ISA_USAGE = YES_ERROR;
				CLANG_WARN_DOCUMENTATION_COMMENTS = YES;
				CLANG_WARN_EMPTY_BODY = YES;
				CLANG_WARN_ENUM_CONVERSION = YES;
				CLANG_WARN_INFINITE_RECURSION = YES;
				CLANG_WARN_INT_CONVERSION = YES;
				CLANG_WARN_NON_LITERAL_NULL_CONVERSION = YES;
				CLANG_WARN_OBJC_IMPLICIT_RETAIN_SELF = YES;
				CLANG_WARN_OBJC_LITERAL_CONVERSION = YES;
				CLANG_WARN_OBJC_ROOT_CLASS = YES_ERROR;
				CLANG_WARN_RANGE_LOOP_ANALYSIS = YES;
				CLANG_WARN_STRICT_PROTOTYPES = YES;
				CLANG_WARN_SUSPICIOUS_MOVE = YES;
				CLANG_WARN_UNGUARDED_AVAILABILITY = YES_AGGRESSIVE;
				CLANG_WARN_UNREACHABLE_CODE = YES;
				CLANG_WARN__DUPLICATE_METHOD_MATCH = YES;
				CODE_SIGN_IDENTITY = "iPhone Developer";
				COPY_PHASE_STRIP = NO;
				DEBUG_INFORMATION_FORMAT = "dwarf-with-dsym";
				ENABLE_NS_ASSERTIONS = NO;
				ENABLE_STRICT_OBJC_MSGSEND = YES;
				GCC_C_LANGUAGE_STANDARD = gnu11;
				GCC_NO_COMMON_BLOCKS = YES;
				GCC_WARN_64_TO_32_BIT_CONVERSION = YES;
				GCC_WARN_ABOUT_RETURN_TYPE = YES_ERROR;
				GCC_WARN_UNDECLARED_SELECTOR = YES;
				GCC_WARN_UNINITIALIZED_AUTOS = YES_AGGRESSIVE;
				GCC_WARN_UNUSED_FUNCTION = YES;
				GCC_WARN_UNUSED_VARIABLE = YES;
				IPHONEOS_DEPLOYMENT_TARGET = 11.3;
				MTL_ENABLE_DEBUG_INFO = NO;
				SDKROOT = iphoneos;
				SWIFT_COMPILATION_MODE = wholemodule;
				SWIFT_OPTIMIZATION_LEVEL = "-O";
				VALIDATE_PRODUCT = YES;
			};
			name = Release;
		};
		9F118B2D20BC54D900C0DC20 /* Debug */ = {
			isa = XCBuildConfiguration;
			baseConfigurationReference = B7891881C57A9432D3FB91CF /* Pods-ThreeLevelAnimations.debug.xcconfig */;
			buildSettings = {
				ASSETCATALOG_COMPILER_APPICON_NAME = AppIcon;
				CODE_SIGN_STYLE = Automatic;
				INFOPLIST_FILE = "$(SRCROOT)/App/Info.plist";
				IPHONEOS_DEPLOYMENT_TARGET = 10.0;
				LD_RUNPATH_SEARCH_PATHS = "$(inherited) @executable_path/Frameworks";
				PRODUCT_BUNDLE_IDENTIFIER = su.kornerr.ThreeLevelAnimations;
				PRODUCT_NAME = "$(TARGET_NAME)";
				SWIFT_VERSION = 4.0;
				TARGETED_DEVICE_FAMILY = "1,2";
			};
			name = Debug;
		};
		9F118B2E20BC54D900C0DC20 /* Release */ = {
			isa = XCBuildConfiguration;
			baseConfigurationReference = E3488EB2AE86B7FD4DF5296E /* Pods-ThreeLevelAnimations.release.xcconfig */;
			buildSettings = {
				ASSETCATALOG_COMPILER_APPICON_NAME = AppIcon;
				CODE_SIGN_STYLE = Automatic;
				INFOPLIST_FILE = "$(SRCROOT)/App/Info.plist";
				IPHONEOS_DEPLOYMENT_TARGET = 10.0;
				LD_RUNPATH_SEARCH_PATHS = "$(inherited) @executable_path/Frameworks";
				PRODUCT_BUNDLE_IDENTIFIER = su.kornerr.ThreeLevelAnimations;
				PRODUCT_NAME = "$(TARGET_NAME)";
				SWIFT_VERSION = 4.0;
				TARGETED_DEVICE_FAMILY = "1,2";
			};
			name = Release;
		};
/* End XCBuildConfiguration section */

/* Begin XCConfigurationList section */
		9F118B1520BC54D800C0DC20 /* Build configuration list for PBXProject "ThreeLevelAnimations" */ = {
			isa = XCConfigurationList;
			buildConfigurations = (
				9F118B2A20BC54D900C0DC20 /* Debug */,
				9F118B2B20BC54D900C0DC20 /* Release */,
			);
			defaultConfigurationIsVisible = 0;
			defaultConfigurationName = Release;
		};
		9F118B2C20BC54D900C0DC20 /* Build configuration list for PBXNativeTarget "ThreeLevelAnimations" */ = {
			isa = XCConfigurationList;
			buildConfigurations = (
				9F118B2D20BC54D900C0DC20 /* Debug */,
				9F118B2E20BC54D900C0DC20 /* Release */,
			);
			defaultConfigurationIsVisible = 0;
			defaultConfigurationName = Release;
		};
/* End XCConfigurationList section */
	};
	rootObject = 9F118B1220BC54D800C0DC20 /* Project object */;
}
